{
  "requires": true,
  "lockfileVersion": 1,
  "dependencies": {
    "material-design-icons-iconfont": {
      "version": "6.1.0",
      "resolved": "https://registry.npmjs.org/material-design-icons-iconfont/-/material-design-icons-iconfont-6.1.0.tgz",
      "integrity": "sha512-wRJtOo1v1ch+gN8PRsj0IGJznk+kQ8mz13ds/nuhLI+Qyf/931ZlRpd92oq0IRPpZIb+bhX8pRjzIVdcPDKmiQ=="
    },
    "vue-router": {
      "version": "3.4.9",
      "resolved": "https://registry.npmjs.org/vue-router/-/vue-router-3.4.9.tgz",
      "integrity": "sha512-CGAKWN44RqXW06oC+u4mPgHLQQi2t6vLD/JbGRDAXm0YpMv0bgpKuU5bBd7AvMgfTz9kXVRIWKHqRwGEb8xFkA=="
    },
    "vuetify": {
      "version": "2.3.17",
      "resolved": "https://registry.npmjs.org/vuetify/-/vuetify-2.3.17.tgz",
      "integrity": "sha512-XqVDsCKHcWmJDJaSXEYg8Qt1jFdAhgm/L5ppAo19ATyld181lu0BC3V3vjakpU2uScHVwjxZw8Gre0lz+2cGvA=="
    }
  }
}
